<Solution>
  <Folder Name="/src/">
    <Project Path="src/Api/Api.csproj" />
    <Project Path="src/Application/Application.csproj" />
    <Project Path="src/Domain/Domain.csproj" />
    <Project Path="src/Persistence/Persistence.csproj" />
    <Project Path="src/SeedCli/SeedCli.csproj" />
  </Folder>
  <Folder Name="/tests/">
    <Project Path="tests/Bpm.Tests/Bpm.Tests.csproj" />
  </Folder>
</Solution>
